{
  "projects": [
    {
      "projectId": "eiC1VCbma8t6iMexZerqLa",
      "version": "5.26.0",
      "dependencies": {},
      "lang": "ts",
      "fileLocks": [
        {
          "assetId": "eiC1VCbma8t6iMexZerqLa",
          "type": "projectCss",
          "checksum": "e1ec850476829c38b0f9b6d4f7ac446a"
        },
        {
          "assetId": "eiC1VCbma8t6iMexZerqLa",
          "checksum": "2def64ec49d06aa26baab1064739cbe0",
          "type": "globalContexts"
        }
      ],
      "codegenVersion": "0.0.1"
    },
    {
      "projectId": "xp1p7dmg329XVLHyuEUxD2",
      "version": "11.32.0",
      "dependencies": {},
      "lang": "ts",
      "fileLocks": [
        {
          "assetId": "xp1p7dmg329XVLHyuEUxD2",
          "type": "projectCss",
          "checksum": "1b891cf9539f1db972dc4163ae1172e9"
        }
      ],
      "codegenVersion": "0.0.1"
    },
    {
      "projectId": "uHQW2pvgnMYkU9Giixod5o",
      "version": "latest",
      "dependencies": {
        "xp1p7dmg329XVLHyuEUxD2": "11.32.0",
        "eiC1VCbma8t6iMexZerqLa": "5.26.0"
      },
      "lang": "ts",
      "fileLocks": [
        {
          "type": "globalVariant",
          "assetId": "GT9qMO0RUEb7",
          "checksum": "1c7de1627861e00fd590040b0ab916f7"
        },
        {
          "type": "globalVariant",
          "assetId": "iXXrGrNyxZg5",
          "checksum": "8950262bff341218db6521f06b9dacf6"
        },
        {
          "assetId": "uHQW2pvgnMYkU9Giixod5o",
          "type": "projectCss",
          "checksum": "e5b4f67e72c28a73551d45159394b336"
        },
        {
          "assetId": "uHQW2pvgnMYkU9Giixod5o",
          "checksum": "10531f3bfc724211717032834679949e",
          "type": "globalContexts"
        },
        {
          "type": "renderModule",
          "assetId": "W0-SEgt8sscu",
          "checksum": "23b74ec479937d2a4685eece56414396"
        },
        {
          "type": "cssRules",
          "assetId": "W0-SEgt8sscu",
          "checksum": "23b74ec479937d2a4685eece56414396"
        },
        {
          "type": "renderModule",
          "assetId": "JwPscNc0nKNr",
          "checksum": "b4f88f450ca34540ee34f90b804b537e"
        },
        {
          "type": "cssRules",
          "assetId": "JwPscNc0nKNr",
          "checksum": "b4f88f450ca34540ee34f90b804b537e"
        },
        {
          "type": "renderModule",
          "assetId": "Ok4vRYeFQ-fn",
          "checksum": "ae26823f1d005acd88fd4dd0eed492a2"
        },
        {
          "type": "cssRules",
          "assetId": "Ok4vRYeFQ-fn",
          "checksum": "ae26823f1d005acd88fd4dd0eed492a2"
        },
        {
          "type": "renderModule",
          "assetId": "wGf7n0_TwTbh",
          "checksum": "74fb0c23c9a920aa1f1d43c2d29bc876"
        },
        {
          "type": "cssRules",
          "assetId": "wGf7n0_TwTbh",
          "checksum": "74fb0c23c9a920aa1f1d43c2d29bc876"
        },
        {
          "type": "renderModule",
          "assetId": "p-OC5atrRNhy",
          "checksum": "86ae7c14286b271a5db1098ebf2f1504"
        },
        {
          "type": "cssRules",
          "assetId": "p-OC5atrRNhy",
          "checksum": "86ae7c14286b271a5db1098ebf2f1504"
        },
        {
          "type": "renderModule",
          "assetId": "iNwwBLw9XQnu",
          "checksum": "73b4f48a1aadaaed35bad925b84879ee"
        },
        {
          "type": "cssRules",
          "assetId": "iNwwBLw9XQnu",
          "checksum": "73b4f48a1aadaaed35bad925b84879ee"
        },
        {
          "type": "renderModule",
          "assetId": "GXnpW6Jel40k",
          "checksum": "7c06e4029c5209b039fc64a4f700cd33"
        },
        {
          "type": "cssRules",
          "assetId": "GXnpW6Jel40k",
          "checksum": "7c06e4029c5209b039fc64a4f700cd33"
        },
        {
          "type": "renderModule",
          "assetId": "JPAcmTLbhPww",
          "checksum": "c20d3078d640c4ad27941caad554074f"
        },
        {
          "type": "cssRules",
          "assetId": "JPAcmTLbhPww",
          "checksum": "c20d3078d640c4ad27941caad554074f"
        },
        {
          "type": "renderModule",
          "assetId": "nFcd2pXWxj3u",
          "checksum": "a0a9883e347a61c3d57c9bdc194d571b"
        },
        {
          "type": "cssRules",
          "assetId": "nFcd2pXWxj3u",
          "checksum": "a0a9883e347a61c3d57c9bdc194d571b"
        },
        {
          "type": "renderModule",
          "assetId": "dU2F-isDdg3b",
          "checksum": "c7b9c59f39786ed5b39c5bb9d1342c30"
        },
        {
          "type": "cssRules",
          "assetId": "dU2F-isDdg3b",
          "checksum": "c7b9c59f39786ed5b39c5bb9d1342c30"
        },
        {
          "type": "renderModule",
          "assetId": "tgWGzcAaTgfP",
          "checksum": "cbc1946324743ec206cdad80b24a6904"
        },
        {
          "type": "cssRules",
          "assetId": "tgWGzcAaTgfP",
          "checksum": "cbc1946324743ec206cdad80b24a6904"
        },
        {
          "type": "renderModule",
          "assetId": "RVCXuLCi6250",
          "checksum": "39a2d549858b07a9b0f4fbac2bcc79b4"
        },
        {
          "type": "cssRules",
          "assetId": "RVCXuLCi6250",
          "checksum": "39a2d549858b07a9b0f4fbac2bcc79b4"
        },
        {
          "type": "renderModule",
          "assetId": "IhuOAlaLc203",
          "checksum": "2d0c38c6dc6cb8c6ef38e0f1f449940c"
        },
        {
          "type": "cssRules",
          "assetId": "IhuOAlaLc203",
          "checksum": "2d0c38c6dc6cb8c6ef38e0f1f449940c"
        },
        {
          "type": "renderModule",
          "assetId": "SVp1PMZhgGx2",
          "checksum": "7c2da2602466fc4b4277dc899844cdd7"
        },
        {
          "type": "cssRules",
          "assetId": "SVp1PMZhgGx2",
          "checksum": "7c2da2602466fc4b4277dc899844cdd7"
        },
        {
          "type": "renderModule",
          "assetId": "hOuV2saaIcL3",
          "checksum": "ff034d8ee148165bd2aaf3a5443ab18b"
        },
        {
          "type": "cssRules",
          "assetId": "hOuV2saaIcL3",
          "checksum": "ff034d8ee148165bd2aaf3a5443ab18b"
        },
        {
          "type": "renderModule",
          "assetId": "_pVPrn90J2P_",
          "checksum": "b9b1e08dc068b4d9188762671487bd6c"
        },
        {
          "type": "cssRules",
          "assetId": "_pVPrn90J2P_",
          "checksum": "b9b1e08dc068b4d9188762671487bd6c"
        },
        {
          "type": "renderModule",
          "assetId": "4wjxvubaGOrG",
          "checksum": "62dfb6e86f71c55e5688cb9c5a20454d"
        },
        {
          "type": "cssRules",
          "assetId": "4wjxvubaGOrG",
          "checksum": "62dfb6e86f71c55e5688cb9c5a20454d"
        },
        {
          "type": "renderModule",
          "assetId": "qRYDxG_nzPHw",
          "checksum": "22ac1ba47b30ce1f03a0b6084f93ff3a"
        },
        {
          "type": "cssRules",
          "assetId": "qRYDxG_nzPHw",
          "checksum": "22ac1ba47b30ce1f03a0b6084f93ff3a"
        },
        {
          "type": "renderModule",
          "assetId": "MkHLE7mJz1HK",
          "checksum": "f1ca8b1f70358ada64629d4f553116e1"
        },
        {
          "type": "cssRules",
          "assetId": "MkHLE7mJz1HK",
          "checksum": "f1ca8b1f70358ada64629d4f553116e1"
        },
        {
          "type": "renderModule",
          "assetId": "x_dGLor2_oEJ",
          "checksum": "66887e61d6cd8c0ec3457f1b98041858"
        },
        {
          "type": "cssRules",
          "assetId": "x_dGLor2_oEJ",
          "checksum": "66887e61d6cd8c0ec3457f1b98041858"
        },
        {
          "type": "renderModule",
          "assetId": "ayrlMeEPbN2C",
          "checksum": "2ec4e65edc1938d7678b58a27a39bf52"
        },
        {
          "type": "cssRules",
          "assetId": "ayrlMeEPbN2C",
          "checksum": "2ec4e65edc1938d7678b58a27a39bf52"
        },
        {
          "type": "renderModule",
          "assetId": "ZmBvv8sxrP0d",
          "checksum": "30919ed9da8680883d0b934b341d5a59"
        },
        {
          "type": "cssRules",
          "assetId": "ZmBvv8sxrP0d",
          "checksum": "30919ed9da8680883d0b934b341d5a59"
        },
        {
          "type": "renderModule",
          "assetId": "J7ESbp_P3hWq",
          "checksum": "590b7b5cd062e69e442b769321944822"
        },
        {
          "type": "cssRules",
          "assetId": "J7ESbp_P3hWq",
          "checksum": "590b7b5cd062e69e442b769321944822"
        },
        {
          "type": "renderModule",
          "assetId": "m_NOfYzJsA9O",
          "checksum": "4cef4dabd98d254ac85d20cc5ed11089"
        },
        {
          "type": "cssRules",
          "assetId": "m_NOfYzJsA9O",
          "checksum": "4cef4dabd98d254ac85d20cc5ed11089"
        },
        {
          "type": "renderModule",
          "assetId": "PJKGmjlyXMJV",
          "checksum": "8bab9f9c771865d1ec10cb921d5c32c0"
        },
        {
          "type": "cssRules",
          "assetId": "PJKGmjlyXMJV",
          "checksum": "8bab9f9c771865d1ec10cb921d5c32c0"
        },
        {
          "type": "icon",
          "assetId": "QjmCW-jv-Wiw",
          "checksum": "ab4c8e7466415b3b1511ea560a5fd7a4"
        },
        {
          "type": "icon",
          "assetId": "euvJjcp6LmR1",
          "checksum": "c9e6dda4d5563b2be27a17f5ae0910d4"
        },
        {
          "type": "icon",
          "assetId": "cpU4WZOpAN2o",
          "checksum": "26aa1eebbf07bdec6bf9feee45466d59"
        },
        {
          "type": "icon",
          "assetId": "C6PbHT-PdR27",
          "checksum": "8f917d88f9d054759c52e2f68c6b34ba"
        },
        {
          "type": "icon",
          "assetId": "XXG-MBaBsioY",
          "checksum": "4dba521ddd4c648c0c1596774171190f"
        },
        {
          "type": "icon",
          "assetId": "CHl_eUZzQaRd",
          "checksum": "7c8e44a3e1a1c84333cd803660a2b619"
        },
        {
          "type": "icon",
          "assetId": "pyU_-8xI6a7q",
          "checksum": "0efc7735daaf89081aec283be38ee0cc"
        },
        {
          "type": "icon",
          "assetId": "2puPHssciAxd",
          "checksum": "28cb44a4e7d32c74540d863872db9b9c"
        },
        {
          "type": "icon",
          "assetId": "0Z8DWWQHAVyM",
          "checksum": "03f74df4416dc2594dcac3d8ce745552"
        },
        {
          "type": "icon",
          "assetId": "SyK3sWR1VR9E",
          "checksum": "290f839ff6f87a9a5a7961ac10e9ae04"
        },
        {
          "type": "icon",
          "assetId": "1R-2qDulq4Gc",
          "checksum": "0f0e19c539afd6dbce0ccb108ca6b895"
        },
        {
          "type": "icon",
          "assetId": "lJIgU4OKWBCR",
          "checksum": "73107a6691a1df824f24caa6af5db9f4"
        },
        {
          "type": "icon",
          "assetId": "ipditjfnXg8w",
          "checksum": "2039ba8003710bbdfe84493c2094031c"
        },
        {
          "type": "icon",
          "assetId": "hxPHeEuLHT-_",
          "checksum": "c774547155b1c70a8af52d7b32768fe6"
        },
        {
          "type": "icon",
          "assetId": "swRKlqzvd3V7",
          "checksum": "78e81ceadb31fab4f0c3a5428ba2f406"
        },
        {
          "type": "icon",
          "assetId": "V-KWkmcK2XVE",
          "checksum": "bac5aada3db58aa1b2ab419aa20c5560"
        },
        {
          "type": "icon",
          "assetId": "DYtpcZDMpNM_",
          "checksum": "84cac6b444407c49c11cc96a2f39780a"
        },
        {
          "type": "icon",
          "assetId": "BLG7SRcMYlQc",
          "checksum": "99c1592ede803c438f11eed86cebe812"
        },
        {
          "type": "icon",
          "assetId": "Vfn6DnShqoiE",
          "checksum": "0ca3f302f42c1b892cc119959337f944"
        },
        {
          "type": "icon",
          "assetId": "dNlD_F7bK9Kr",
          "checksum": "38ee01bcd2ff7e59e41b9252b498f133"
        },
        {
          "type": "icon",
          "assetId": "oodrH1sudjKN",
          "checksum": "2db20271f2f7b9bef7dfc9c720f34e57"
        },
        {
          "type": "icon",
          "assetId": "oOnUiqog5ykI",
          "checksum": "8ce392856bce4c8614b0ebcc047bf885"
        },
        {
          "type": "icon",
          "assetId": "NS_ZOOWA6HcI",
          "checksum": "4a4d33a0d23f2758fe0b0d3f69a624a9"
        },
        {
          "type": "icon",
          "assetId": "651h_8CpYcPb",
          "checksum": "0735f9778fd539f6386e7b6d849ab72d"
        },
        {
          "type": "icon",
          "assetId": "ELfMIHD2Zpjb",
          "checksum": "33d384cbbd546ab80be4a6689d3da38d"
        },
        {
          "type": "icon",
          "assetId": "cX3AP2P4DPgZ",
          "checksum": "a57065f13f8a3540013e0d4d670dc97d"
        },
        {
          "type": "icon",
          "assetId": "eaHO-gl-U6Qk",
          "checksum": "941aa2953a665c8d62a0148e764e0c41"
        },
        {
          "type": "icon",
          "assetId": "M2uxjP6EQCBx",
          "checksum": "ec5d0e1c0932b5a082eb9964dba18923"
        },
        {
          "type": "icon",
          "assetId": "rOFOOqQdRPUl",
          "checksum": "76283085f2c155649beb2d971e357a33"
        },
        {
          "type": "icon",
          "assetId": "LoQJMOxcwTR6",
          "checksum": "a0d78f01cb0feabf92bf8cdfcf4e2c57"
        },
        {
          "type": "icon",
          "assetId": "_iSh-o7sXn0v",
          "checksum": "def2cdd84479038088280a929c038eb6"
        },
        {
          "type": "icon",
          "assetId": "oQTqKXqtn8Ch",
          "checksum": "da6f56a384143a2dc450235488705ce1"
        },
        {
          "type": "icon",
          "assetId": "CNNVFfirHb1O",
          "checksum": "5cc47239c632a827a01bf724f4f594a5"
        },
        {
          "type": "icon",
          "assetId": "1ERkOgw0bdFs",
          "checksum": "0641d19eed14611e37f84346ac471cdd"
        },
        {
          "type": "icon",
          "assetId": "y4-8Fk9m55OH",
          "checksum": "297b5fbb31368a3d77131fc291a30911"
        },
        {
          "type": "icon",
          "assetId": "A6m24pSx5FPZ",
          "checksum": "c46eb735b0ee9e0140bc51c0b1d549b2"
        },
        {
          "type": "icon",
          "assetId": "mHZ54qo0LfaG",
          "checksum": "8a4164a22559a5ea09a0f876b9ce8b7d"
        },
        {
          "type": "icon",
          "assetId": "JgXIsi2wbPdq",
          "checksum": "062bb8cd67c50e1085dd6a8b641f8a80"
        },
        {
          "type": "icon",
          "assetId": "LddgkmkU1kjq",
          "checksum": "e0102178fadf5f48bd475b9826254992"
        },
        {
          "type": "image",
          "assetId": "8LLvI7FJqoHG",
          "checksum": "f85aff83fdfb57cfc81c24ae2ac6f42c"
        },
        {
          "type": "image",
          "assetId": "HijNd4OSXEwp",
          "checksum": "9355bd75122e5731f6136aeb988aebbc"
        },
        {
          "type": "image",
          "assetId": "olWdGPL2NXmM",
          "checksum": "57dfcdf7608dee542b55be00c15ee44c"
        },
        {
          "type": "image",
          "assetId": "tMMREGSHVEJy",
          "checksum": "3028435c1deb512e8318a3514fdc4852"
        },
        {
          "type": "image",
          "assetId": "bfMdo9MB3HES",
          "checksum": "b585923c4e80783423461d34bd43aded"
        },
        {
          "type": "image",
          "assetId": "Izz0LnETQMnQ",
          "checksum": "82db75a3799084e15394419eba2373d4"
        },
        {
          "type": "image",
          "assetId": "9xLMe_l9EmZo",
          "checksum": "f858e0074744b4bad74436740afb31f8"
        },
        {
          "type": "image",
          "assetId": "uL0wnsp3wK72",
          "checksum": "751b11601e0fc71036fae390513b3cd7"
        },
        {
          "type": "image",
          "assetId": "0zBmS1lq08eh",
          "checksum": "eb8727ddd4c8a0c1ff5ba4c659843ab3"
        },
        {
          "type": "image",
          "assetId": "kqcYHHwTmccv",
          "checksum": "cde470087469101dda8622d5fc55ed3b"
        },
        {
          "type": "image",
          "assetId": "k9vNxfN7dPaX",
          "checksum": "9bc0d05ae1244ca64095df509c00b9e7"
        },
        {
          "type": "image",
          "assetId": "tseZDZehbFs_",
          "checksum": "0ccfab4c7300086ff7ea79e43a360eda"
        },
        {
          "type": "image",
          "assetId": "isNPnKlmDgaY",
          "checksum": "d98f40d6f2e12e092a824d38f1d0e983"
        },
        {
          "type": "image",
          "assetId": "ihQQXMDcet3X",
          "checksum": "2c6773348f1bd6ea0c449c1813620e6f"
        },
        {
          "type": "image",
          "assetId": "y_TfYODpdgMz",
          "checksum": "7ebff743f50eef00e3fba574080abd8b"
        },
        {
          "type": "image",
          "assetId": "O3all0bjSU4B",
          "checksum": "b206b80ba88848aa18ca2fc6354e48c2"
        },
        {
          "type": "image",
          "assetId": "Ug7H11KztRhP",
          "checksum": "1125e7f9be2d4e8cb6953fa546d74cea"
        },
        {
          "type": "image",
          "assetId": "XjO-bQDkF1hL",
          "checksum": "b3699a90ccc5db6279f92471719468aa"
        },
        {
          "type": "image",
          "assetId": "uNuXfdZheRuf",
          "checksum": "21d27f3a479d5478944aca8e9a0fcbf3"
        },
        {
          "type": "image",
          "assetId": "NSRHiH2TCgAd",
          "checksum": "7a6244e90aea97910ab7888ba4493398"
        },
        {
          "type": "image",
          "assetId": "ffpGQggdQ-Vj",
          "checksum": "3408e87fc04081009d501b39dc7cd420"
        },
        {
          "type": "image",
          "assetId": "nn4yO5XfkWvi",
          "checksum": "bf8b2cd9558fe0e16e5b327a23407bd5"
        },
        {
          "type": "image",
          "assetId": "3bUvVKSTs0LD",
          "checksum": "4a74d72686fa38e4b81ba09c6f58a605"
        },
        {
          "type": "image",
          "assetId": "4WUn1LsQa8DE",
          "checksum": "ae8c87bd424daa171f675fcfb68bf469"
        },
        {
          "type": "image",
          "assetId": "FVqmcKIGa4U5",
          "checksum": "2a065dc2e4777019ebc83dfe3b24e258"
        },
        {
          "type": "image",
          "assetId": "okMMH6MVxhZJ",
          "checksum": "64e2cac7bbad539286a94c22bd2c3dc4"
        },
        {
          "type": "image",
          "assetId": "u6PK3Q2ITP1y",
          "checksum": "e0acb0d25369a3cefa6f3b56c36ef2f9"
        },
        {
          "type": "image",
          "assetId": "bpBdi7SBLuvg",
          "checksum": "13761ed68b054b7da273653935db4b9a"
        },
        {
          "type": "image",
          "assetId": "LhNF6jVMd-lt",
          "checksum": "d7fe6e30cc4ad49c91b6a2764c6f5d56"
        },
        {
          "type": "image",
          "assetId": "W4CFJFkHexy7",
          "checksum": "ca4fd1eab092f54adc9efdfc590abcf4"
        },
        {
          "type": "image",
          "assetId": "ecodi_XYUf63",
          "checksum": "d604fe41e96b1a3d63e2805ed9edeae7"
        },
        {
          "type": "image",
          "assetId": "p6Ccznf4tlsJ",
          "checksum": "c732f314916da6803a7eae782da159f4"
        },
        {
          "type": "image",
          "assetId": "Sk9sg194_mim",
          "checksum": "6e508241a40837568957f5b1065e342d"
        },
        {
          "type": "image",
          "assetId": "SkNY1pJNX6D_",
          "checksum": "86cbd0a0c95209bf5891be21f8d89d02"
        },
        {
          "type": "image",
          "assetId": "kHTlDrNwVLL6",
          "checksum": "e6566745d014fd9d3301068cc48b641b"
        },
        {
          "type": "image",
          "assetId": "lAnoV1HdpEHd",
          "checksum": "76efc40b615ab69a009cf776c66efb38"
        },
        {
          "type": "image",
          "assetId": "Zp8uSY0LML6a",
          "checksum": "335d32d91641743d5202a83e184ed874"
        },
        {
          "type": "image",
          "assetId": "EA265FU6TI35",
          "checksum": "129fb11fb9cba638b093e5dd66854501"
        },
        {
          "type": "image",
          "assetId": "d10vh2j_STMU",
          "checksum": "8b8e9913ca78872f32a4cc354955879b"
        },
        {
          "type": "image",
          "assetId": "1zCatBMmPNGm",
          "checksum": "9b1b3a2f22dca06589d27ae7f04520c8"
        },
        {
          "type": "image",
          "assetId": "IvuZf2diW0ai",
          "checksum": "d694f271a059cfe516b6906a912cbd49"
        },
        {
          "type": "image",
          "assetId": "9WEA-bovq6PE",
          "checksum": "b2ba838b68025cefa3302f2b7ce45be4"
        },
        {
          "type": "image",
          "assetId": "OYldLQJMYLCw",
          "checksum": "02c039b335f876ec09b8f1967606e677"
        },
        {
          "type": "image",
          "assetId": "H72qQKoF76Fz",
          "checksum": "f38261b8f72256e5d2174430e4a86629"
        },
        {
          "type": "image",
          "assetId": "xZLmhqBoMqjK",
          "checksum": "f55146550a99eee4a14d370981addf32"
        },
        {
          "type": "image",
          "assetId": "Y-GXeuzTd_-P",
          "checksum": "b12fc6fce8ad24369d6de8b83b214a0e"
        },
        {
          "type": "image",
          "assetId": "I01ODbyQ6HTa",
          "checksum": "40690f14a465f0643a9e7a14d7e6e465"
        },
        {
          "type": "image",
          "assetId": "dN7YrywkylEF",
          "checksum": "dc015b4740d7f6054842282cd5552630"
        },
        {
          "type": "image",
          "assetId": "Km-87MPW7-Vd",
          "checksum": "428179f3f00eff92e108175636555336"
        },
        {
          "type": "image",
          "assetId": "wEL_9LrVFh5d",
          "checksum": "7e779a44c0f26251a9f2c552092ce648"
        },
        {
          "type": "image",
          "assetId": "HAbTlr0pVkgG",
          "checksum": "61edaa7a43f1acc4c6d76416fffd353c"
        },
        {
          "type": "image",
          "assetId": "mJOkWEnbygTN",
          "checksum": "7d89d37b6e45962c63e258d063423553"
        },
        {
          "type": "image",
          "assetId": "d-DV6G-ujekv",
          "checksum": "08d6fb73691ca1446aee815acb6c6c99"
        },
        {
          "type": "image",
          "assetId": "m3t2ipzvp5nP",
          "checksum": "250e5901cad1d29dddcc954b3a7189d8"
        },
        {
          "type": "image",
          "assetId": "84u7ZqT2-A_Y",
          "checksum": "95d82ddbd421e96e9cb622d14c63e77f"
        },
        {
          "type": "image",
          "assetId": "tuHGcUjn5noV",
          "checksum": "062ec54864ef60d440a116b838a1bc3a"
        },
        {
          "type": "image",
          "assetId": "XUBBhwmpSPMo",
          "checksum": "7688cddfbaed94b564e770631ca96e18"
        },
        {
          "type": "image",
          "assetId": "PArbQTCKanOT",
          "checksum": "b13a2a88ab9bd5896a677372f3dbb186"
        },
        {
          "type": "image",
          "assetId": "lZ0MiY9-h9BB",
          "checksum": "f51a1c0da7d3e8a4ee424e88b0d78fde"
        },
        {
          "type": "image",
          "assetId": "Y-LGwZxp5vIS",
          "checksum": "1c5f3e33f98dea6560c19877cfcb1ae9"
        },
        {
          "type": "image",
          "assetId": "GnEk7oTf4Xml",
          "checksum": "f05ce6706e0bf8cf127185967bca3caf"
        },
        {
          "type": "image",
          "assetId": "YOVULFWqwbxO",
          "checksum": "aab626ffe73ab370be933ef66c20e90b"
        },
        {
          "type": "image",
          "assetId": "dwWJQG4Xi-r8",
          "checksum": "ab7844f1efc5cce92f52a6f173bc6181"
        },
        {
          "type": "image",
          "assetId": "VOxTOBiFNEFr",
          "checksum": "d884a114f636575485356eafcf6b153b"
        },
        {
          "type": "image",
          "assetId": "jRVWbRa2J4YJ",
          "checksum": "3250dc3fc308e34b41891698754d5dd6"
        }
      ],
      "codegenVersion": "0.0.1"
    }
  ],
  "cliVersion": "0.1.330"
}
